
Microsoft Visual Studio Solution File, Format Version 12.00
# Visual Studio Version 16
VisualStudioVersion = 16.0.31515.178
MinimumVisualStudioVersion = 10.0.40219.1
Project("{888888A0-9F3D-457C-B088-3A5042F75D52}") = "Recursive Arithmetic Solver", "Recursive Arithmetic Solver\Recursive Arithmetic Solver.pyproj", "{8F7BC471-D282-4F08-ADF4-D4FDDE2434CB}"
EndProject
Global
	GlobalSection(SolutionConfigurationPlatforms) = preSolution
		Debug|Any CPU = Debug|Any CPU
		Release|Any CPU = Release|Any CPU
	EndGlobalSection
	GlobalSection(ProjectConfigurationPlatforms) = postSolution
		{8F7BC471-D282-4F08-ADF4-D4FDDE2434CB}.Debug|Any CPU.ActiveCfg = Debug|Any CPU
		{8F7BC471-D282-4F08-ADF4-D4FDDE2434CB}.Release|Any CPU.ActiveCfg = Release|Any CPU
	EndGlobalSection
	GlobalSection(SolutionProperties) = preSolution
		HideSolutionNode = FALSE
	EndGlobalSection
	GlobalSection(ExtensibilityGlobals) = postSolution
		SolutionGuid = {8D5374D5-53AA-4035-9EA9-896D057D9F53}
	EndGlobalSection
EndGlobal
